
Microsoft Visual Studio Solution File, Format Version 12.00
# Visual Studio Version 16
VisualStudioVersion = 16.0.29613.14
MinimumVisualStudioVersion = 10.0.40219.1
Project("{FAE04EC0-301F-11D3-BF4B-00C04F79EFBC}") = "HelloWorld", "HelloWorld\HelloWorld.csproj", "{9BAA200F-8240-4A9A-8296-BBE8655A30DC}"
EndProject
Global
	GlobalSection(SolutionConfigurationPlatforms) = preSolution
		Debug|Any CPU = Debug|Any CPU
		Release|Any CPU = Release|Any CPU
	EndGlobalSection
	GlobalSection(ProjectConfigurationPlatforms) = postSolution
		{9BAA200F-8240-4A9A-8296-BBE8655A30DC}.Debug|Any CPU.ActiveCfg = Debug|Any CPU
		{9BAA200F-8240-4A9A-8296-BBE8655A30DC}.Debug|Any CPU.Build.0 = Debug|Any CPU
		{9BAA200F-8240-4A9A-8296-BBE8655A30DC}.Release|Any CPU.ActiveCfg = Release|Any CPU
		{9BAA200F-8240-4A9A-8296-BBE8655A30DC}.Release|Any CPU.Build.0 = Release|Any CPU
	EndGlobalSection
	GlobalSection(SolutionProperties) = preSolution
		HideSolutionNode = FALSE
	EndGlobalSection
	GlobalSection(ExtensibilityGlobals) = postSolution
		SolutionGuid = {75CDD233-4E2C-48D8-B211-A6103A8A59BB}
	EndGlobalSection
EndGlobal
